// !$*UTF8*$!
{
	archiveVersion = 1;
	classes = {
	};
	objectVersion = 77;
	objects = {

/* Begin PBXContainerItemProxy section */
		F4692E922DCBC2AC002082F1 /* PBXContainerItemProxy */ = {
			isa = PBXContainerItemProxy;
			containerPortal = F4C2A95F2DB7A1E7008DD02D /* Project object */;
			proxyType = 1;
			remoteGlobalIDString = F4C2A9662DB7A1E7008DD02D;
			remoteInfo = SwiftConcurrency;
		};
		F4FBF39B2DD0C2D2005DB10F /* PBXContainerItemProxy */ = {
			isa = PBXContainerItemProxy;
			containerPortal = F4C2A95F2DB7A1E7008DD02D /* Project object */;
			proxyType = 1;
			remoteGlobalIDString = F4C2A9662DB7A1E7008DD02D;
			remoteInfo = SwiftConcurrency;
		};
/* End PBXContainerItemProxy section */

/* Begin PBXFileReference section */
		F4692E8E2DCBC2AC002082F1 /* SwiftConcurrency_Tests.xctest */ = {isa = PBXFileReference; explicitFileType = wrapper.cfbundle; includeInIndex = 0; path = SwiftConcurrency_Tests.xctest; sourceTree = BUILT_PRODUCTS_DIR; };
		F4C2A9672DB7A1E7008DD02D /* SwiftConcurrency.app */ = {isa = PBXFileReference; explicitFileType = wrapper.application; includeInIndex = 0; path = SwiftConcurrency.app; sourceTree = BUILT_PRODUCTS_DIR; };
		F4FBF3952DD0C2D2005DB10F /* SwiftConcurrency_UITests.xctest */ = {isa = PBXFileReference; explicitFileType = wrapper.cfbundle; includeInIndex = 0; path = SwiftConcurrency_UITests.xctest; sourceTree = BUILT_PRODUCTS_DIR; };
/* End PBXFileReference section */

/* Begin PBXFileSystemSynchronizedBuildFileExceptionSet section */
		F467BBE32DDA4531007471C3 /* Exceptions for "SwiftConcurrency" folder in "SwiftConcurrency" target */ = {
			isa = PBXFileSystemSynchronizedBuildFileExceptionSet;
			membershipExceptions = (
				Info.plist,
			);
			target = F4C2A9662DB7A1E7008DD02D /* SwiftConcurrency */;
		};
/* End PBXFileSystemSynchronizedBuildFileExceptionSet section */

/* Begin PBXFileSystemSynchronizedRootGroup section */
		F4692E8F2DCBC2AC002082F1 /* SwiftConcurrency_Tests */ = {
			isa = PBXFileSystemSynchronizedRootGroup;
			path = SwiftConcurrency_Tests;
			sourceTree = "<group>";
		};
		F4C2A9692DB7A1E7008DD02D /* SwiftConcurrency */ = {
			isa = PBXFileSystemSynchronizedRootGroup;
			exceptions = (
				F467BBE32DDA4531007471C3 /* Exceptions for "SwiftConcurrency" folder in "SwiftConcurrency" target */,
			);
			path = SwiftConcurrency;
			sourceTree = "<group>";
		};
		F4FBF3962DD0C2D2005DB10F /* SwiftConcurrency_UITests */ = {
			isa = PBXFileSystemSynchronizedRootGroup;
			path = SwiftConcurrency_UITests;
			sourceTree = "<group>";
		};
/* End PBXFileSystemSynchronizedRootGroup section */

/* Begin PBXFrameworksBuildPhase section */
		F4692E8B2DCBC2AC002082F1 /* Frameworks */ = {
			isa = PBXFrameworksBuildPhase;
			buildActionMask = 2147483647;
			files = (
			);
			runOnlyForDeploymentPostprocessing = 0;
		};
		F4C2A9642DB7A1E7008DD02D /* Frameworks */ = {
			isa = PBXFrameworksBuildPhase;
			buildActionMask = 2147483647;
			files = (
			);
			runOnlyForDeploymentPostprocessing = 0;
		};
		F4FBF3922DD0C2D2005DB10F /* Frameworks */ = {
			isa = PBXFrameworksBuildPhase;
			buildActionMask = 2147483647;
			files = (
			);
			runOnlyForDeploymentPostprocessing = 0;
		};
/* End PBXFrameworksBuildPhase section */

/* Begin PBXGroup section */
		F4C2A95E2DB7A1E7008DD02D = {
			isa = PBXGroup;
			children = (
				F4C2A9692DB7A1E7008DD02D /* SwiftConcurrency */,
				F4692E8F2DCBC2AC002082F1 /* SwiftConcurrency_Tests */,
				F4FBF3962DD0C2D2005DB10F /* SwiftConcurrency_UITests */,
				F4C2A9682DB7A1E7008DD02D /* Products */,
			);
			sourceTree = "<group>";
		};
		F4C2A9682DB7A1E7008DD02D /* Products */ = {
			isa = PBXGroup;
			children = (
				F4C2A9672DB7A1E7008DD02D /* SwiftConcurrency.app */,
				F4692E8E2DCBC2AC002082F1 /* SwiftConcurrency_Tests.xctest */,
				F4FBF3952DD0C2D2005DB10F /* SwiftConcurrency_UITests.xctest */,
			);
			name = Products;
			sourceTree = "<group>";
		};
/* End PBXGroup section */

/* Begin PBXNativeTarget section */
		F4692E8D2DCBC2AC002082F1 /* SwiftConcurrency_Tests */ = {
			isa = PBXNativeTarget;
			buildConfigurationList = F4692E942DCBC2AC002082F1 /* Build configuration list for PBXNativeTarget "SwiftConcurrency_Tests" */;
			buildPhases = (
				F4692E8A2DCBC2AC002082F1 /* Sources */,
				F4692E8B2DCBC2AC002082F1 /* Frameworks */,
				F4692E8C2DCBC2AC002082F1 /* Resources */,
			);
			buildRules = (
			);
			dependencies = (
				F4692E932DCBC2AC002082F1 /* PBXTargetDependency */,
			);
			fileSystemSynchronizedGroups = (
				F4692E8F2DCBC2AC002082F1 /* SwiftConcurrency_Tests */,
			);
			name = SwiftConcurrency_Tests;
			packageProductDependencies = (
			);
			productName = SwiftConcurrency_Tests;
			productReference = F4692E8E2DCBC2AC002082F1 /* SwiftConcurrency_Tests.xctest */;
			productType = "com.apple.product-type.bundle.unit-test";
		};
		F4C2A9662DB7A1E7008DD02D /* SwiftConcurrency */ = {
			isa = PBXNativeTarget;
			buildConfigurationList = F4C2A9752DB7A1E9008DD02D /* Build configuration list for PBXNativeTarget "SwiftConcurrency" */;
			buildPhases = (
				F4C2A9632DB7A1E7008DD02D /* Sources */,
				F4C2A9642DB7A1E7008DD02D /* Frameworks */,
				F4C2A9652DB7A1E7008DD02D /* Resources */,
			);
			buildRules = (
			);
			dependencies = (
			);
			fileSystemSynchronizedGroups = (
				F4C2A9692DB7A1E7008DD02D /* SwiftConcurrency */,
			);
			name = SwiftConcurrency;
			packageProductDependencies = (
			);
			productName = SwiftConcurrency;
			productReference = F4C2A9672DB7A1E7008DD02D /* SwiftConcurrency.app */;
			productType = "com.apple.product-type.application";
		};
		F4FBF3942DD0C2D2005DB10F /* SwiftConcurrency_UITests */ = {
			isa = PBXNativeTarget;
			buildConfigurationList = F4FBF39D2DD0C2D2005DB10F /* Build configuration list for PBXNativeTarget "SwiftConcurrency_UITests" */;
			buildPhases = (
				F4FBF3912DD0C2D2005DB10F /* Sources */,
				F4FBF3922DD0C2D2005DB10F /* Frameworks */,
				F4FBF3932DD0C2D2005DB10F /* Resources */,
			);
			buildRules = (
			);
			dependencies = (
				F4FBF39C2DD0C2D2005DB10F /* PBXTargetDependency */,
			);
			fileSystemSynchronizedGroups = (
				F4FBF3962DD0C2D2005DB10F /* SwiftConcurrency_UITests */,
			);
			name = SwiftConcurrency_UITests;
			packageProductDependencies = (
			);
			productName = SwiftConcurrency_UITests;
			productReference = F4FBF3952DD0C2D2005DB10F /* SwiftConcurrency_UITests.xctest */;
			productType = "com.apple.product-type.bundle.ui-testing";
		};
/* End PBXNativeTarget section */

/* Begin PBXProject section */
		F4C2A95F2DB7A1E7008DD02D /* Project object */ = {
			isa = PBXProject;
			attributes = {
				BuildIndependentTargetsInParallel = 1;
				LastSwiftUpdateCheck = 1630;
				LastUpgradeCheck = 1620;
				TargetAttributes = {
					F4692E8D2DCBC2AC002082F1 = {
						CreatedOnToolsVersion = 16.3;
						TestTargetID = F4C2A9662DB7A1E7008DD02D;
					};
					F4C2A9662DB7A1E7008DD02D = {
						CreatedOnToolsVersion = 16.2;
					};
					F4FBF3942DD0C2D2005DB10F = {
						CreatedOnToolsVersion = 16.3;
						TestTargetID = F4C2A9662DB7A1E7008DD02D;
					};
				};
			};
			buildConfigurationList = F4C2A9622DB7A1E7008DD02D /* Build configuration list for PBXProject "SwiftConcurrency" */;
			developmentRegion = en;
			hasScannedForEncodings = 0;
			knownRegions = (
				en,
				Base,
			);
			mainGroup = F4C2A95E2DB7A1E7008DD02D;
			minimizedProjectReferenceProxies = 1;
			preferredProjectObjectVersion = 77;
			productRefGroup = F4C2A9682DB7A1E7008DD02D /* Products */;
			projectDirPath = "";
			projectRoot = "";
			targets = (
				F4C2A9662DB7A1E7008DD02D /* SwiftConcurrency */,
				F4692E8D2DCBC2AC002082F1 /* SwiftConcurrency_Tests */,
				F4FBF3942DD0C2D2005DB10F /* SwiftConcurrency_UITests */,
			);
		};
/* End PBXProject section */

/* Begin PBXResourcesBuildPhase section */
		F4692E8C2DCBC2AC002082F1 /* Resources */ = {
			isa = PBXResourcesBuildPhase;
			buildActionMask = 2147483647;
			files = (
			);
			runOnlyForDeploymentPostprocessing = 0;
		};
		F4C2A9652DB7A1E7008DD02D /* Resources */ = {
			isa = PBXResourcesBuildPhase;
			buildActionMask = 2147483647;
			files = (
			);
			runOnlyForDeploymentPostprocessing = 0;
		};
		F4FBF3932DD0C2D2005DB10F /* Resources */ = {
			isa = PBXResourcesBuildPhase;
			buildActionMask = 2147483647;
			files = (
			);
			runOnlyForDeploymentPostprocessing = 0;
		};
/* End PBXResourcesBuildPhase section */

/* Begin PBXSourcesBuildPhase section */
		F4692E8A2DCBC2AC002082F1 /* Sources */ = {
			isa = PBXSourcesBuildPhase;
			buildActionMask = 2147483647;
			files = (
			);
			runOnlyForDeploymentPostprocessing = 0;
		};
		F4C2A9632DB7A1E7008DD02D /* Sources */ = {
			isa = PBXSourcesBuildPhase;
			buildActionMask = 2147483647;
			files = (
			);
			runOnlyForDeploymentPostprocessing = 0;
		};
		F4FBF3912DD0C2D2005DB10F /* Sources */ = {
			isa = PBXSourcesBuildPhase;
			buildActionMask = 2147483647;
			files = (
			);
			runOnlyForDeploymentPostprocessing = 0;
		};
/* End PBXSourcesBuildPhase section */

/* Begin PBXTargetDependency section */
		F4692E932DCBC2AC002082F1 /* PBXTargetDependency */ = {
			isa = PBXTargetDependency;
			target = F4C2A9662DB7A1E7008DD02D /* SwiftConcurrency */;
			targetProxy = F4692E922DCBC2AC002082F1 /* PBXContainerItemProxy */;
		};
		F4FBF39C2DD0C2D2005DB10F /* PBXTargetDependency */ = {
			isa = PBXTargetDependency;
			target = F4C2A9662DB7A1E7008DD02D /* SwiftConcurrency */;
			targetProxy = F4FBF39B2DD0C2D2005DB10F /* PBXContainerItemProxy */;
		};
/* End PBXTargetDependency section */

/* Begin XCBuildConfiguration section */
		F4692E952DCBC2AC002082F1 /* Debug */ = {
			isa = XCBuildConfiguration;
			buildSettings = {
				BUNDLE_LOADER = "$(TEST_HOST)";
				CODE_SIGN_STYLE = Automatic;
				CURRENT_PROJECT_VERSION = 1;
				DEVELOPMENT_TEAM = 3Z5R6WRVTZ;
				GENERATE_INFOPLIST_FILE = YES;
				IPHONEOS_DEPLOYMENT_TARGET = 18.4;
				MARKETING_VERSION = 1.0;
				PRODUCT_BUNDLE_IDENTIFIER = "com.evilicebergs.SwiftConcurrency-Tests";
				PRODUCT_NAME = "$(TARGET_NAME)";
				SWIFT_EMIT_LOC_STRINGS = NO;
				SWIFT_VERSION = 5.0;
				TARGETED_DEVICE_FAMILY = "1,2";
				TEST_HOST = "$(BUILT_PRODUCTS_DIR)/SwiftConcurrency.app/$(BUNDLE_EXECUTABLE_FOLDER_PATH)/SwiftConcurrency";
			};
			name = Debug;
		};
		F4692E962DCBC2AC002082F1 /* Release */ = {
			isa = XCBuildConfiguration;
			buildSettings = {
				BUNDLE_LOADER = "$(TEST_HOST)";
				CODE_SIGN_STYLE = Automatic;
				CURRENT_PROJECT_VERSION = 1;
				DEVELOPMENT_TEAM = 3Z5R6WRVTZ;
				GENERATE_INFOPLIST_FILE = YES;
				IPHONEOS_DEPLOYMENT_TARGET = 18.4;
				MARKETING_VERSION = 1.0;
				PRODUCT_BUNDLE_IDENTIFIER = "com.evilicebergs.SwiftConcurrency-Tests";
				PRODUCT_NAME = "$(TARGET_NAME)";
				SWIFT_EMIT_LOC_STRINGS = NO;
				SWIFT_VERSION = 5.0;
				TARGETED_DEVICE_FAMILY = "1,2";
				TEST_HOST = "$(BUILT_PRODUCTS_DIR)/SwiftConcurrency.app/$(BUNDLE_EXECUTABLE_FOLDER_PATH)/SwiftConcurrency";
			};
			name = Release;
		};
		F4C2A9732DB7A1E9008DD02D /* Debug */ = {
			isa = XCBuildConfiguration;
			buildSettings = {
				ALWAYS_SEARCH_USER_PATHS = NO;
				ASSETCATALOG_COMPILER_GENERATE_SWIFT_ASSET_SYMBOL_EXTENSIONS = YES;
				CLANG_ANALYZER_NONNULL = YES;
				CLANG_ANALYZER_NUMBER_OBJECT_CONVERSION = YES_AGGRESSIVE;
				CLANG_CXX_LANGUAGE_STANDARD = "gnu++20";
				CLANG_ENABLE_MODULES = YES;
				CLANG_ENABLE_OBJC_ARC = YES;
				CLANG_ENABLE_OBJC_WEAK = YES;
				CLANG_WARN_BLOCK_CAPTURE_AUTORELEASING = YES;
				CLANG_WARN_BOOL_CONVERSION = YES;
				CLANG_WARN_COMMA = YES;
				CLANG_WARN_CONSTANT_CONVERSION = YES;
				CLANG_WARN_DEPRECATED_OBJC_IMPLEMENTATIONS = YES;
				CLANG_WARN_DIRECT_OBJC_ISA_USAGE = YES_ERROR;
				CLANG_WARN_DOCUMENTATION_COMMENTS = YES;
				CLANG_WARN_EMPTY_BODY = YES;
				CLANG_WARN_ENUM_CONVERSION = YES;
				CLANG_WARN_INFINITE_RECURSION = YES;
				CLANG_WARN_INT_CONVERSION = YES;
				CLANG_WARN_NON_LITERAL_NULL_CONVERSION = YES;
				CLANG_WARN_OBJC_IMPLICIT_RETAIN_SELF = YES;
				CLANG_WARN_OBJC_LITERAL_CONVERSION = YES;
				CLANG_WARN_OBJC_ROOT_CLASS = YES_ERROR;
				CLANG_WARN_QUOTED_INCLUDE_IN_FRAMEWORK_HEADER = YES;
				CLANG_WARN_RANGE_LOOP_ANALYSIS = YES;
				CLANG_WARN_STRICT_PROTOTYPES = YES;
				CLANG_WARN_SUSPICIOUS_MOVE = YES;
				CLANG_WARN_UNGUARDED_AVAILABILITY = YES_AGGRESSIVE;
				CLANG_WARN_UNREACHABLE_CODE = YES;
				CLANG_WARN__DUPLICATE_METHOD_MATCH = YES;
				COPY_PHASE_STRIP = NO;
				DEBUG_INFORMATION_FORMAT = dwarf;
				ENABLE_STRICT_OBJC_MSGSEND = YES;
				ENABLE_TESTABILITY = YES;
				ENABLE_USER_SCRIPT_SANDBOXING = YES;
				GCC_C_LANGUAGE_STANDARD = gnu17;
				GCC_DYNAMIC_NO_PIC = NO;
				GCC_NO_COMMON_BLOCKS = YES;
				GCC_OPTIMIZATION_LEVEL = 0;
				GCC_PREPROCESSOR_DEFINITIONS = (
					"DEBUG=1",
					"$(inherited)",
				);
				GCC_WARN_64_TO_32_BIT_CONVERSION = YES;
				GCC_WARN_ABOUT_RETURN_TYPE = YES_ERROR;
				GCC_WARN_UNDECLARED_SELECTOR = YES;
				GCC_WARN_UNINITIALIZED_AUTOS = YES_AGGRESSIVE;
				GCC_WARN_UNUSED_FUNCTION = YES;
				GCC_WARN_UNUSED_VARIABLE = YES;
				IPHONEOS_DEPLOYMENT_TARGET = 18.2;
				LOCALIZATION_PREFERS_STRING_CATALOGS = YES;
				MTL_ENABLE_DEBUG_INFO = INCLUDE_SOURCE;
				MTL_FAST_MATH = YES;
				ONLY_ACTIVE_ARCH = YES;
				SDKROOT = iphoneos;
				SWIFT_ACTIVE_COMPILATION_CONDITIONS = "DEBUG $(inherited)";
				SWIFT_OPTIMIZATION_LEVEL = "-Onone";
			};
			name = Debug;
		};
		F4C2A9742DB7A1E9008DD02D /* Release */ = {
			isa = XCBuildConfiguration;
			buildSettings = {
				ALWAYS_SEARCH_USER_PATHS = NO;
				ASSETCATALOG_COMPILER_GENERATE_SWIFT_ASSET_SYMBOL_EXTENSIONS = YES;
				CLANG_ANALYZER_NONNULL = YES;
				CLANG_ANALYZER_NUMBER_OBJECT_CONVERSION = YES_AGGRESSIVE;
				CLANG_CXX_LANGUAGE_STANDARD = "gnu++20";
				CLANG_ENABLE_MODULES = YES;
				CLANG_ENABLE_OBJC_ARC = YES;
				CLANG_ENABLE_OBJC_WEAK = YES;
				CLANG_WARN_BLOCK_CAPTURE_AUTORELEASING = YES;
				CLANG_WARN_BOOL_CONVERSION = YES;
				CLANG_WARN_COMMA = YES;
				CLANG_WARN_CONSTANT_CONVERSION = YES;
				CLANG_WARN_DEPRECATED_OBJC_IMPLEMENTATIONS = YES;
				CLANG_WARN_DIRECT_OBJC_ISA_USAGE = YES_ERROR;
				CLANG_WARN_DOCUMENTATION_COMMENTS = YES;
				CLANG_WARN_EMPTY_BODY = YES;
				CLANG_WARN_ENUM_CONVERSION = YES;
				CLANG_WARN_INFINITE_RECURSION = YES;
				CLANG_WARN_INT_CONVERSION = YES;
				CLANG_WARN_NON_LITERAL_NULL_CONVERSION = YES;
				CLANG_WARN_OBJC_IMPLICIT_RETAIN_SELF = YES;
				CLANG_WARN_OBJC_LITERAL_CONVERSION = YES;
				CLANG_WARN_OBJC_ROOT_CLASS = YES_ERROR;
				CLANG_WARN_QUOTED_INCLUDE_IN_FRAMEWORK_HEADER = YES;
				CLANG_WARN_RANGE_LOOP_ANALYSIS = YES;
				CLANG_WARN_STRICT_PROTOTYPES = YES;
				CLANG_WARN_SUSPICIOUS_MOVE = YES;
				CLANG_WARN_UNGUARDED_AVAILABILITY = YES_AGGRESSIVE;
				CLANG_WARN_UNREACHABLE_CODE = YES;
				CLANG_WARN__DUPLICATE_METHOD_MATCH = YES;
				COPY_PHASE_STRIP = NO;
				DEBUG_INFORMATION_FORMAT = "dwarf-with-dsym";
				ENABLE_NS_ASSERTIONS = NO;
				ENABLE_STRICT_OBJC_MSGSEND = YES;
				ENABLE_USER_SCRIPT_SANDBOXING = YES;
				GCC_C_LANGUAGE_STANDARD = gnu17;
				GCC_NO_COMMON_BLOCKS = YES;
				GCC_WARN_64_TO_32_BIT_CONVERSION = YES;
				GCC_WARN_ABOUT_RETURN_TYPE = YES_ERROR;
				GCC_WARN_UNDECLARED_SELECTOR = YES;
				GCC_WARN_UNINITIALIZED_AUTOS = YES_AGGRESSIVE;
				GCC_WARN_UNUSED_FUNCTION = YES;
				GCC_WARN_UNUSED_VARIABLE = YES;
				IPHONEOS_DEPLOYMENT_TARGET = 18.2;
				LOCALIZATION_PREFERS_STRING_CATALOGS = YES;
				MTL_ENABLE_DEBUG_INFO = NO;
				MTL_FAST_MATH = YES;
				SDKROOT = iphoneos;
				SWIFT_COMPILATION_MODE = wholemodule;
				VALIDATE_PRODUCT = YES;
			};
			name = Release;
		};
		F4C2A9762DB7A1E9008DD02D /* Debug */ = {
			isa = XCBuildConfiguration;
			buildSettings = {
				ASSETCATALOG_COMPILER_APPICON_NAME = AppIcon;
				ASSETCATALOG_COMPILER_GLOBAL_ACCENT_COLOR_NAME = AccentColor;
				CODE_SIGN_STYLE = Automatic;
				CURRENT_PROJECT_VERSION = 1;
				DEVELOPMENT_ASSET_PATHS = "\"SwiftConcurrency/Preview Content\"";
				DEVELOPMENT_TEAM = 3Z5R6WRVTZ;
				ENABLE_PREVIEWS = YES;
				GENERATE_INFOPLIST_FILE = YES;
				INFOPLIST_FILE = SwiftConcurrency/Info.plist;
				INFOPLIST_KEY_NSMicrophoneUsageDescription = "To use app allow mic usage";
				INFOPLIST_KEY_NSSpeechRecognitionUsageDescription = "To use features";
				INFOPLIST_KEY_UIApplicationSceneManifest_Generation = YES;
				INFOPLIST_KEY_UIApplicationSupportsIndirectInputEvents = YES;
				INFOPLIST_KEY_UILaunchScreen_Generation = YES;
				INFOPLIST_KEY_UISupportedInterfaceOrientations_iPad = "UIInterfaceOrientationPortrait UIInterfaceOrientationPortraitUpsideDown UIInterfaceOrientationLandscapeLeft UIInterfaceOrientationLandscapeRight";
				INFOPLIST_KEY_UISupportedInterfaceOrientations_iPhone = "UIInterfaceOrientationPortrait UIInterfaceOrientationLandscapeLeft UIInterfaceOrientationLandscapeRight";
				LD_RUNPATH_SEARCH_PATHS = (
					"$(inherited)",
					"@executable_path/Frameworks",
				);
				MARKETING_VERSION = 1.0;
				PRODUCT_BUNDLE_IDENTIFIER = com.evilicebergs.SwiftConcurrency;
				PRODUCT_NAME = "$(TARGET_NAME)";
				SWIFT_EMIT_LOC_STRINGS = YES;
				SWIFT_VERSION = 5.0;
				TARGETED_DEVICE_FAMILY = "1,2";
			};
			name = Debug;
		};
		F4C2A9772DB7A1E9008DD02D /* Release */ = {
			isa = XCBuildConfiguration;
			buildSettings = {
				ASSETCATALOG_COMPILER_APPICON_NAME = AppIcon;
				ASSETCATALOG_COMPILER_GLOBAL_ACCENT_COLOR_NAME = AccentColor;
				CODE_SIGN_STYLE = Automatic;
				CURRENT_PROJECT_VERSION = 1;
				DEVELOPMENT_ASSET_PATHS = "\"SwiftConcurrency/Preview Content\"";
				DEVELOPMENT_TEAM = 3Z5R6WRVTZ;
				ENABLE_PREVIEWS = YES;
				GENERATE_INFOPLIST_FILE = YES;
				INFOPLIST_FILE = SwiftConcurrency/Info.plist;
				INFOPLIST_KEY_NSMicrophoneUsageDescription = "To use app allow mic usage";
				INFOPLIST_KEY_NSSpeechRecognitionUsageDescription = "To use features";
				INFOPLIST_KEY_UIApplicationSceneManifest_Generation = YES;
				INFOPLIST_KEY_UIApplicationSupportsIndirectInputEvents = YES;
				INFOPLIST_KEY_UILaunchScreen_Generation = YES;
				INFOPLIST_KEY_UISupportedInterfaceOrientations_iPad = "UIInterfaceOrientationPortrait UIInterfaceOrientationPortraitUpsideDown UIInterfaceOrientationLandscapeLeft UIInterfaceOrientationLandscapeRight";
				INFOPLIST_KEY_UISupportedInterfaceOrientations_iPhone = "UIInterfaceOrientationPortrait UIInterfaceOrientationLandscapeLeft UIInterfaceOrientationLandscapeRight";
				LD_RUNPATH_SEARCH_PATHS = (
					"$(inherited)",
					"@executable_path/Frameworks",
				);
				MARKETING_VERSION = 1.0;
				PRODUCT_BUNDLE_IDENTIFIER = com.evilicebergs.SwiftConcurrency;
				PRODUCT_NAME = "$(TARGET_NAME)";
				SWIFT_EMIT_LOC_STRINGS = YES;
				SWIFT_VERSION = 5.0;
				TARGETED_DEVICE_FAMILY = "1,2";
			};
			name = Release;
		};
		F4FBF39E2DD0C2D2005DB10F /* Debug */ = {
			isa = XCBuildConfiguration;
			buildSettings = {
				CODE_SIGN_STYLE = Automatic;
				CURRENT_PROJECT_VERSION = 1;
				DEVELOPMENT_TEAM = 3Z5R6WRVTZ;
				GENERATE_INFOPLIST_FILE = YES;
				IPHONEOS_DEPLOYMENT_TARGET = 18.4;
				MARKETING_VERSION = 1.0;
				PRODUCT_BUNDLE_IDENTIFIER = "com.evilicebergs.SwiftConcurrency-UITests";
				PRODUCT_NAME = "$(TARGET_NAME)";
				SWIFT_EMIT_LOC_STRINGS = NO;
				SWIFT_VERSION = 5.0;
				TARGETED_DEVICE_FAMILY = "1,2";
				TEST_TARGET_NAME = SwiftConcurrency;
			};
			name = Debug;
		};
		F4FBF39F2DD0C2D2005DB10F /* Release */ = {
			isa = XCBuildConfiguration;
			buildSettings = {
				CODE_SIGN_STYLE = Automatic;
				CURRENT_PROJECT_VERSION = 1;
				DEVELOPMENT_TEAM = 3Z5R6WRVTZ;
				GENERATE_INFOPLIST_FILE = YES;
				IPHONEOS_DEPLOYMENT_TARGET = 18.4;
				MARKETING_VERSION = 1.0;
				PRODUCT_BUNDLE_IDENTIFIER = "com.evilicebergs.SwiftConcurrency-UITests";
				PRODUCT_NAME = "$(TARGET_NAME)";
				SWIFT_EMIT_LOC_STRINGS = NO;
				SWIFT_VERSION = 5.0;
				TARGETED_DEVICE_FAMILY = "1,2";
				TEST_TARGET_NAME = SwiftConcurrency;
			};
			name = Release;
		};
/* End XCBuildConfiguration section */

/* Begin XCConfigurationList section */
		F4692E942DCBC2AC002082F1 /* Build configuration list for PBXNativeTarget "SwiftConcurrency_Tests" */ = {
			isa = XCConfigurationList;
			buildConfigurations = (
				F4692E952DCBC2AC002082F1 /* Debug */,
				F4692E962DCBC2AC002082F1 /* Release */,
			);
			defaultConfigurationIsVisible = 0;
			defaultConfigurationName = Release;
		};
		F4C2A9622DB7A1E7008DD02D /* Build configuration list for PBXProject "SwiftConcurrency" */ = {
			isa = XCConfigurationList;
			buildConfigurations = (
				F4C2A9732DB7A1E9008DD02D /* Debug */,
				F4C2A9742DB7A1E9008DD02D /* Release */,
			);
			defaultConfigurationIsVisible = 0;
			defaultConfigurationName = Release;
		};
		F4C2A9752DB7A1E9008DD02D /* Build configuration list for PBXNativeTarget "SwiftConcurrency" */ = {
			isa = XCConfigurationList;
			buildConfigurations = (
				F4C2A9762DB7A1E9008DD02D /* Debug */,
				F4C2A9772DB7A1E9008DD02D /* Release */,
			);
			defaultConfigurationIsVisible = 0;
			defaultConfigurationName = Release;
		};
		F4FBF39D2DD0C2D2005DB10F /* Build configuration list for PBXNativeTarget "SwiftConcurrency_UITests" */ = {
			isa = XCConfigurationList;
			buildConfigurations = (
				F4FBF39E2DD0C2D2005DB10F /* Debug */,
				F4FBF39F2DD0C2D2005DB10F /* Release */,
			);
			defaultConfigurationIsVisible = 0;
			defaultConfigurationName = Release;
		};
/* End XCConfigurationList section */
	};
	rootObject = F4C2A95F2DB7A1E7008DD02D /* Project object */;
}
